
Microsoft Visual Studio Solution File, Format Version 12.00
# Visual Studio Version 17
VisualStudioVersion = 17.3.32901.215
MinimumVisualStudioVersion = 10.0.40219.1
Project("{FAE04EC0-301F-11D3-BF4B-00C04F79EFBC}") = "GestionPlacesParking", "GestionPlacesParking\GestionPlacesParking.csproj", "{59A1CE01-30D7-4C2F-805C-38BE56AE71A6}"
EndProject
Global
	GlobalSection(SolutionConfigurationPlatforms) = preSolution
		Debug|Any CPU = Debug|Any CPU
		Release|Any CPU = Release|Any CPU
	EndGlobalSection
	GlobalSection(ProjectConfigurationPlatforms) = postSolution
		{59A1CE01-30D7-4C2F-805C-38BE56AE71A6}.Debug|Any CPU.ActiveCfg = Debug|Any CPU
		{59A1CE01-30D7-4C2F-805C-38BE56AE71A6}.Debug|Any CPU.Build.0 = Debug|Any CPU
		{59A1CE01-30D7-4C2F-805C-38BE56AE71A6}.Release|Any CPU.ActiveCfg = Release|Any CPU
		{59A1CE01-30D7-4C2F-805C-38BE56AE71A6}.Release|Any CPU.Build.0 = Release|Any CPU
	EndGlobalSection
	GlobalSection(SolutionProperties) = preSolution
		HideSolutionNode = FALSE
	EndGlobalSection
	GlobalSection(ExtensibilityGlobals) = postSolution
		SolutionGuid = {E14A9EA7-B02F-4498-8D19-E10FB60320C8}
	EndGlobalSection
EndGlobal
